// !$*UTF8*$!
{
	archiveVersion = 1;
	classes = {
	};
	objectVersion = 56;
	objects = {

/* Begin PBXBuildFile section */
		D7E2CC0B2BD029D70062D502 /* MOODApp.swift in Sources */ = {isa = PBXBuildFile; fileRef = D7E2CC0A2BD029D70062D502 /* MOODApp.swift */; };
		D7E2CC0D2BD029D70062D502 /* ContentView.swift in Sources */ = {isa = PBXBuildFile; fileRef = D7E2CC0C2BD029D70062D502 /* ContentView.swift */; };
		D7E2CC0F2BD029DB0062D502 /* Assets.xcassets in Resources */ = {isa = PBXBuildFile; fileRef = D7E2CC0E2BD029DB0062D502 /* Assets.xcassets */; };
		D7E2CC122BD029DB0062D502 /* Preview Assets.xcassets in Resources */ = {isa = PBXBuildFile; fileRef = D7E2CC112BD029DB0062D502 /* Preview Assets.xcassets */; };
		D7E2CC1C2BD029DC0062D502 /* MOODTests.swift in Sources */ = {isa = PBXBuildFile; fileRef = D7E2CC1B2BD029DC0062D502 /* MOODTests.swift */; };
		D7E2CC262BD029DC0062D502 /* MOODUITests.swift in Sources */ = {isa = PBXBuildFile; fileRef = D7E2CC252BD029DC0062D502 /* MOODUITests.swift */; };
		D7E2CC282BD029DC0062D502 /* MOODUITestsLaunchTests.swift in Sources */ = {isa = PBXBuildFile; fileRef = D7E2CC272BD029DC0062D502 /* MOODUITestsLaunchTests.swift */; };
/* End PBXBuildFile section */

/* Begin PBXContainerItemProxy section */
		D7E2CC182BD029DC0062D502 /* PBXContainerItemProxy */ = {
			isa = PBXContainerItemProxy;
			containerPortal = D7E2CBFF2BD029D70062D502 /* Project object */;
			proxyType = 1;
			remoteGlobalIDString = D7E2CC062BD029D70062D502;
			remoteInfo = MOOD;
		};
		D7E2CC222BD029DC0062D502 /* PBXContainerItemProxy */ = {
			isa = PBXContainerItemProxy;
			containerPortal = D7E2CBFF2BD029D70062D502 /* Project object */;
			proxyType = 1;
			remoteGlobalIDString = D7E2CC062BD029D70062D502;
			remoteInfo = MOOD;
		};
/* End PBXContainerItemProxy section */

/* Begin PBXFileReference section */
		D7E2CC072BD029D70062D502 /* MOOD.app */ = {isa = PBXFileReference; explicitFileType = wrapper.application; includeInIndex = 0; path = MOOD.app; sourceTree = BUILT_PRODUCTS_DIR; };
		D7E2CC0A2BD029D70062D502 /* MOODApp.swift */ = {isa = PBXFileReference; lastKnownFileType = sourcecode.swift; path = MOODApp.swift; sourceTree = "<group>"; };
		D7E2CC0C2BD029D70062D502 /* ContentView.swift */ = {isa = PBXFileReference; lastKnownFileType = sourcecode.swift; path = ContentView.swift; sourceTree = "<group>"; };
		D7E2CC0E2BD029DB0062D502 /* Assets.xcassets */ = {isa = PBXFileReference; lastKnownFileType = folder.assetcatalog; path = Assets.xcassets; sourceTree = "<group>"; };
		D7E2CC112BD029DB0062D502 /* Preview Assets.xcassets */ = {isa = PBXFileReference; lastKnownFileType = folder.assetcatalog; path = "Preview Assets.xcassets"; sourceTree = "<group>"; };
		D7E2CC172BD029DC0062D502 /* MOODTests.xctest */ = {isa = PBXFileReference; explicitFileType = wrapper.cfbundle; includeInIndex = 0; path = MOODTests.xctest; sourceTree = BUILT_PRODUCTS_DIR; };
		D7E2CC1B2BD029DC0062D502 /* MOODTests.swift */ = {isa = PBXFileReference; lastKnownFileType = sourcecode.swift; path = MOODTests.swift; sourceTree = "<group>"; };
		D7E2CC212BD029DC0062D502 /* MOODUITests.xctest */ = {isa = PBXFileReference; explicitFileType = wrapper.cfbundle; includeInIndex = 0; path = MOODUITests.xctest; sourceTree = BUILT_PRODUCTS_DIR; };
		D7E2CC252BD029DC0062D502 /* MOODUITests.swift */ = {isa = PBXFileReference; lastKnownFileType = sourcecode.swift; path = MOODUITests.swift; sourceTree = "<group>"; };
		D7E2CC272BD029DC0062D502 /* MOODUITestsLaunchTests.swift */ = {isa = PBXFileReference; lastKnownFileType = sourcecode.swift; path = MOODUITestsLaunchTests.swift; sourceTree = "<group>"; };
		D7E2CC342BD02A220062D502 /* capstone-proposal.md */ = {isa = PBXFileReference; lastKnownFileType = net.daringfireball.markdown; path = "capstone-proposal.md"; sourceTree = "<group>"; };
		D7E2CC352BD02A500062D502 /* README.md */ = {isa = PBXFileReference; lastKnownFileType = net.daringfireball.markdown; name = README.md; path = ../README.md; sourceTree = "<group>"; };
/* End PBXFileReference section */

/* Begin PBXFrameworksBuildPhase section */
		D7E2CC042BD029D70062D502 /* Frameworks */ = {
			isa = PBXFrameworksBuildPhase;
			buildActionMask = 2147483647;
			files = (
			);
			runOnlyForDeploymentPostprocessing = 0;
		};
		D7E2CC142BD029DC0062D502 /* Frameworks */ = {
			isa = PBXFrameworksBuildPhase;
			buildActionMask = 2147483647;
			files = (
			);
			runOnlyForDeploymentPostprocessing = 0;
		};
		D7E2CC1E2BD029DC0062D502 /* Frameworks */ = {
			isa = PBXFrameworksBuildPhase;
			buildActionMask = 2147483647;
			files = (
			);
			runOnlyForDeploymentPostprocessing = 0;
		};
/* End PBXFrameworksBuildPhase section */

/* Begin PBXGroup section */
		D7E2CBFE2BD029D70062D502 = {
			isa = PBXGroup;
			children = (
				D7E2CC352BD02A500062D502 /* README.md */,
				D7E2CC342BD02A220062D502 /* capstone-proposal.md */,
				D7E2CC092BD029D70062D502 /* MOOD */,
				D7E2CC1A2BD029DC0062D502 /* MOODTests */,
				D7E2CC242BD029DC0062D502 /* MOODUITests */,
				D7E2CC082BD029D70062D502 /* Products */,
			);
			sourceTree = "<group>";
		};
		D7E2CC082BD029D70062D502 /* Products */ = {
			isa = PBXGroup;
			children = (
				D7E2CC072BD029D70062D502 /* MOOD.app */,
				D7E2CC172BD029DC0062D502 /* MOODTests.xctest */,
				D7E2CC212BD029DC0062D502 /* MOODUITests.xctest */,
			);
			name = Products;
			sourceTree = "<group>";
		};
		D7E2CC092BD029D70062D502 /* MOOD */ = {
			isa = PBXGroup;
			children = (
				D7E2CC0A2BD029D70062D502 /* MOODApp.swift */,
				D7E2CC0C2BD029D70062D502 /* ContentView.swift */,
				D7E2CC0E2BD029DB0062D502 /* Assets.xcassets */,
				D7E2CC102BD029DB0062D502 /* Preview Content */,
			);
			path = MOOD;
			sourceTree = "<group>";
		};
		D7E2CC102BD029DB0062D502 /* Preview Content */ = {
			isa = PBXGroup;
			children = (
				D7E2CC112BD029DB0062D502 /* Preview Assets.xcassets */,
			);
			path = "Preview Content";
			sourceTree = "<group>";
		};
		D7E2CC1A2BD029DC0062D502 /* MOODTests */ = {
			isa = PBXGroup;
			children = (
				D7E2CC1B2BD029DC0062D502 /* MOODTests.swift */,
			);
			path = MOODTests;
			sourceTree = "<group>";
		};
		D7E2CC242BD029DC0062D502 /* MOODUITests */ = {
			isa = PBXGroup;
			children = (
				D7E2CC252BD029DC0062D502 /* MOODUITests.swift */,
				D7E2CC272BD029DC0062D502 /* MOODUITestsLaunchTests.swift */,
			);
			path = MOODUITests;
			sourceTree = "<group>";
		};
/* End PBXGroup section */

/* Begin PBXNativeTarget section */
		D7E2CC062BD029D70062D502 /* MOOD */ = {
			isa = PBXNativeTarget;
			buildConfigurationList = D7E2CC2B2BD029DC0062D502 /* Build configuration list for PBXNativeTarget "MOOD" */;
			buildPhases = (
				D7E2CC032BD029D70062D502 /* Sources */,
				D7E2CC042BD029D70062D502 /* Frameworks */,
				D7E2CC052BD029D70062D502 /* Resources */,
			);
			buildRules = (
			);
			dependencies = (
			);
			name = MOOD;
			productName = MOOD;
			productReference = D7E2CC072BD029D70062D502 /* MOOD.app */;
			productType = "com.apple.product-type.application";
		};
		D7E2CC162BD029DC0062D502 /* MOODTests */ = {
			isa = PBXNativeTarget;
			buildConfigurationList = D7E2CC2E2BD029DC0062D502 /* Build configuration list for PBXNativeTarget "MOODTests" */;
			buildPhases = (
				D7E2CC132BD029DC0062D502 /* Sources */,
				D7E2CC142BD029DC0062D502 /* Frameworks */,
				D7E2CC152BD029DC0062D502 /* Resources */,
			);
			buildRules = (
			);
			dependencies = (
				D7E2CC192BD029DC0062D502 /* PBXTargetDependency */,
			);
			name = MOODTests;
			productName = MOODTests;
			productReference = D7E2CC172BD029DC0062D502 /* MOODTests.xctest */;
			productType = "com.apple.product-type.bundle.unit-test";
		};
		D7E2CC202BD029DC0062D502 /* MOODUITests */ = {
			isa = PBXNativeTarget;
			buildConfigurationList = D7E2CC312BD029DC0062D502 /* Build configuration list for PBXNativeTarget "MOODUITests" */;
			buildPhases = (
				D7E2CC1D2BD029DC0062D502 /* Sources */,
				D7E2CC1E2BD029DC0062D502 /* Frameworks */,
				D7E2CC1F2BD029DC0062D502 /* Resources */,
			);
			buildRules = (
			);
			dependencies = (
				D7E2CC232BD029DC0062D502 /* PBXTargetDependency */,
			);
			name = MOODUITests;
			productName = MOODUITests;
			productReference = D7E2CC212BD029DC0062D502 /* MOODUITests.xctest */;
			productType = "com.apple.product-type.bundle.ui-testing";
		};
/* End PBXNativeTarget section */

/* Begin PBXProject section */
		D7E2CBFF2BD029D70062D502 /* Project object */ = {
			isa = PBXProject;
			attributes = {
				BuildIndependentTargetsInParallel = 1;
				LastSwiftUpdateCheck = 1530;
				LastUpgradeCheck = 1530;
				TargetAttributes = {
					D7E2CC062BD029D70062D502 = {
						CreatedOnToolsVersion = 15.3;
					};
					D7E2CC162BD029DC0062D502 = {
						CreatedOnToolsVersion = 15.3;
						TestTargetID = D7E2CC062BD029D70062D502;
					};
					D7E2CC202BD029DC0062D502 = {
						CreatedOnToolsVersion = 15.3;
						TestTargetID = D7E2CC062BD029D70062D502;
					};
				};
			};
			buildConfigurationList = D7E2CC022BD029D70062D502 /* Build configuration list for PBXProject "MOOD" */;
			compatibilityVersion = "Xcode 14.0";
			developmentRegion = en;
			hasScannedForEncodings = 0;
			knownRegions = (
				en,
				Base,
			);
			mainGroup = D7E2CBFE2BD029D70062D502;
			productRefGroup = D7E2CC082BD029D70062D502 /* Products */;
			projectDirPath = "";
			projectRoot = "";
			targets = (
				D7E2CC062BD029D70062D502 /* MOOD */,
				D7E2CC162BD029DC0062D502 /* MOODTests */,
				D7E2CC202BD029DC0062D502 /* MOODUITests */,
			);
		};
/* End PBXProject section */

/* Begin PBXResourcesBuildPhase section */
		D7E2CC052BD029D70062D502 /* Resources */ = {
			isa = PBXResourcesBuildPhase;
			buildActionMask = 2147483647;
			files = (
				D7E2CC122BD029DB0062D502 /* Preview Assets.xcassets in Resources */,
				D7E2CC0F2BD029DB0062D502 /* Assets.xcassets in Resources */,
			);
			runOnlyForDeploymentPostprocessing = 0;
		};
		D7E2CC152BD029DC0062D502 /* Resources */ = {
			isa = PBXResourcesBuildPhase;
			buildActionMask = 2147483647;
			files = (
			);
			runOnlyForDeploymentPostprocessing = 0;
		};
		D7E2CC1F2BD029DC0062D502 /* Resources */ = {
			isa = PBXResourcesBuildPhase;
			buildActionMask = 2147483647;
			files = (
			);
			runOnlyForDeploymentPostprocessing = 0;
		};
/* End PBXResourcesBuildPhase section */

/* Begin PBXSourcesBuildPhase section */
		D7E2CC032BD029D70062D502 /* Sources */ = {
			isa = PBXSourcesBuildPhase;
			buildActionMask = 2147483647;
			files = (
				D7E2CC0D2BD029D70062D502 /* ContentView.swift in Sources */,
				D7E2CC0B2BD029D70062D502 /* MOODApp.swift in Sources */,
			);
			runOnlyForDeploymentPostprocessing = 0;
		};
		D7E2CC132BD029DC0062D502 /* Sources */ = {
			isa = PBXSourcesBuildPhase;
			buildActionMask = 2147483647;
			files = (
				D7E2CC1C2BD029DC0062D502 /* MOODTests.swift in Sources */,
			);
			runOnlyForDeploymentPostprocessing = 0;
		};
		D7E2CC1D2BD029DC0062D502 /* Sources */ = {
			isa = PBXSourcesBuildPhase;
			buildActionMask = 2147483647;
			files = (
				D7E2CC262BD029DC0062D502 /* MOODUITests.swift in Sources */,
				D7E2CC282BD029DC0062D502 /* MOODUITestsLaunchTests.swift in Sources */,
			);
			runOnlyForDeploymentPostprocessing = 0;
		};
/* End PBXSourcesBuildPhase section */

/* Begin PBXTargetDependency section */
		D7E2CC192BD029DC0062D502 /* PBXTargetDependency */ = {
			isa = PBXTargetDependency;
			target = D7E2CC062BD029D70062D502 /* MOOD */;
			targetProxy = D7E2CC182BD029DC0062D502 /* PBXContainerItemProxy */;
		};
		D7E2CC232BD029DC0062D502 /* PBXTargetDependency */ = {
			isa = PBXTargetDependency;
			target = D7E2CC062BD029D70062D502 /* MOOD */;
			targetProxy = D7E2CC222BD029DC0062D502 /* PBXContainerItemProxy */;
		};
/* End PBXTargetDependency section */

/* Begin XCBuildConfiguration section */
		D7E2CC292BD029DC0062D502 /* Debug */ = {
			isa = XCBuildConfiguration;
			buildSettings = {
				ALWAYS_SEARCH_USER_PATHS = NO;
				ASSETCATALOG_COMPILER_GENERATE_SWIFT_ASSET_SYMBOL_EXTENSIONS = YES;
				CLANG_ANALYZER_NONNULL = YES;
				CLANG_ANALYZER_NUMBER_OBJECT_CONVERSION = YES_AGGRESSIVE;
				CLANG_CXX_LANGUAGE_STANDARD = "gnu++20";
				CLANG_ENABLE_MODULES = YES;
				CLANG_ENABLE_OBJC_ARC = YES;
				CLANG_ENABLE_OBJC_WEAK = YES;
				CLANG_WARN_BLOCK_CAPTURE_AUTORELEASING = YES;
				CLANG_WARN_BOOL_CONVERSION = YES;
				CLANG_WARN_COMMA = YES;
				CLANG_WARN_CONSTANT_CONVERSION = YES;
				CLANG_WARN_DEPRECATED_OBJC_IMPLEMENTATIONS = YES;
				CLANG_WARN_DIRECT_OBJC_ISA_USAGE = YES_ERROR;
				CLANG_WARN_DOCUMENTATION_COMMENTS = YES;
				CLANG_WARN_EMPTY_BODY = YES;
				CLANG_WARN_ENUM_CONVERSION = YES;
				CLANG_WARN_INFINITE_RECURSION = YES;
				CLANG_WARN_INT_CONVERSION = YES;
				CLANG_WARN_NON_LITERAL_NULL_CONVERSION = YES;
				CLANG_WARN_OBJC_IMPLICIT_RETAIN_SELF = YES;
				CLANG_WARN_OBJC_LITERAL_CONVERSION = YES;
				CLANG_WARN_OBJC_ROOT_CLASS = YES_ERROR;
				CLANG_WARN_QUOTED_INCLUDE_IN_FRAMEWORK_HEADER = YES;
				CLANG_WARN_RANGE_LOOP_ANALYSIS = YES;
				CLANG_WARN_STRICT_PROTOTYPES = YES;
				CLANG_WARN_SUSPICIOUS_MOVE = YES;
				CLANG_WARN_UNGUARDED_AVAILABILITY = YES_AGGRESSIVE;
				CLANG_WARN_UNREACHABLE_CODE = YES;
				CLANG_WARN__DUPLICATE_METHOD_MATCH = YES;
				COPY_PHASE_STRIP = NO;
				DEBUG_INFORMATION_FORMAT = dwarf;
				ENABLE_STRICT_OBJC_MSGSEND = YES;
				ENABLE_TESTABILITY = YES;
				ENABLE_USER_SCRIPT_SANDBOXING = YES;
				GCC_C_LANGUAGE_STANDARD = gnu17;
				GCC_DYNAMIC_NO_PIC = NO;
				GCC_NO_COMMON_BLOCKS = YES;
				GCC_OPTIMIZATION_LEVEL = 0;
				GCC_PREPROCESSOR_DEFINITIONS = (
					"DEBUG=1",
					"$(inherited)",
				);
				GCC_WARN_64_TO_32_BIT_CONVERSION = YES;
				GCC_WARN_ABOUT_RETURN_TYPE = YES_ERROR;
				GCC_WARN_UNDECLARED_SELECTOR = YES;
				GCC_WARN_UNINITIALIZED_AUTOS = YES_AGGRESSIVE;
				GCC_WARN_UNUSED_FUNCTION = YES;
				GCC_WARN_UNUSED_VARIABLE = YES;
				IPHONEOS_DEPLOYMENT_TARGET = 17.4;
				LOCALIZATION_PREFERS_STRING_CATALOGS = YES;
				MTL_ENABLE_DEBUG_INFO = INCLUDE_SOURCE;
				MTL_FAST_MATH = YES;
				ONLY_ACTIVE_ARCH = YES;
				SDKROOT = iphoneos;
				SWIFT_ACTIVE_COMPILATION_CONDITIONS = "DEBUG $(inherited)";
				SWIFT_OPTIMIZATION_LEVEL = "-Onone";
			};
			name = Debug;
		};
		D7E2CC2A2BD029DC0062D502 /* Release */ = {
			isa = XCBuildConfiguration;
			buildSettings = {
				ALWAYS_SEARCH_USER_PATHS = NO;
				ASSETCATALOG_COMPILER_GENERATE_SWIFT_ASSET_SYMBOL_EXTENSIONS = YES;
				CLANG_ANALYZER_NONNULL = YES;
				CLANG_ANALYZER_NUMBER_OBJECT_CONVERSION = YES_AGGRESSIVE;
				CLANG_CXX_LANGUAGE_STANDARD = "gnu++20";
				CLANG_ENABLE_MODULES = YES;
				CLANG_ENABLE_OBJC_ARC = YES;
				CLANG_ENABLE_OBJC_WEAK = YES;
				CLANG_WARN_BLOCK_CAPTURE_AUTORELEASING = YES;
				CLANG_WARN_BOOL_CONVERSION = YES;
				CLANG_WARN_COMMA = YES;
				CLANG_WARN_CONSTANT_CONVERSION = YES;
				CLANG_WARN_DEPRECATED_OBJC_IMPLEMENTATIONS = YES;
				CLANG_WARN_DIRECT_OBJC_ISA_USAGE = YES_ERROR;
				CLANG_WARN_DOCUMENTATION_COMMENTS = YES;
				CLANG_WARN_EMPTY_BODY = YES;
				CLANG_WARN_ENUM_CONVERSION = YES;
				CLANG_WARN_INFINITE_RECURSION = YES;
				CLANG_WARN_INT_CONVERSION = YES;
				CLANG_WARN_NON_LITERAL_NULL_CONVERSION = YES;
				CLANG_WARN_OBJC_IMPLICIT_RETAIN_SELF = YES;
				CLANG_WARN_OBJC_LITERAL_CONVERSION = YES;
				CLANG_WARN_OBJC_ROOT_CLASS = YES_ERROR;
				CLANG_WARN_QUOTED_INCLUDE_IN_FRAMEWORK_HEADER = YES;
				CLANG_WARN_RANGE_LOOP_ANALYSIS = YES;
				CLANG_WARN_STRICT_PROTOTYPES = YES;
				CLANG_WARN_SUSPICIOUS_MOVE = YES;
				CLANG_WARN_UNGUARDED_AVAILABILITY = YES_AGGRESSIVE;
				CLANG_WARN_UNREACHABLE_CODE = YES;
				CLANG_WARN__DUPLICATE_METHOD_MATCH = YES;
				COPY_PHASE_STRIP = NO;
				DEBUG_INFORMATION_FORMAT = "dwarf-with-dsym";
				ENABLE_NS_ASSERTIONS = NO;
				ENABLE_STRICT_OBJC_MSGSEND = YES;
				ENABLE_USER_SCRIPT_SANDBOXING = YES;
				GCC_C_LANGUAGE_STANDARD = gnu17;
				GCC_NO_COMMON_BLOCKS = YES;
				GCC_WARN_64_TO_32_BIT_CONVERSION = YES;
				GCC_WARN_ABOUT_RETURN_TYPE = YES_ERROR;
				GCC_WARN_UNDECLARED_SELECTOR = YES;
				GCC_WARN_UNINITIALIZED_AUTOS = YES_AGGRESSIVE;
				GCC_WARN_UNUSED_FUNCTION = YES;
				GCC_WARN_UNUSED_VARIABLE = YES;
				IPHONEOS_DEPLOYMENT_TARGET = 17.4;
				LOCALIZATION_PREFERS_STRING_CATALOGS = YES;
				MTL_ENABLE_DEBUG_INFO = NO;
				MTL_FAST_MATH = YES;
				SDKROOT = iphoneos;
				SWIFT_COMPILATION_MODE = wholemodule;
				VALIDATE_PRODUCT = YES;
			};
			name = Release;
		};
		D7E2CC2C2BD029DC0062D502 /* Debug */ = {
			isa = XCBuildConfiguration;
			buildSettings = {
				ASSETCATALOG_COMPILER_APPICON_NAME = AppIcon;
				ASSETCATALOG_COMPILER_GLOBAL_ACCENT_COLOR_NAME = AccentColor;
				CODE_SIGN_STYLE = Automatic;
				CURRENT_PROJECT_VERSION = 1;
				DEVELOPMENT_ASSET_PATHS = "\"MOOD/Preview Content\"";
				DEVELOPMENT_TEAM = YZBPCYBU2L;
				ENABLE_PREVIEWS = YES;
				GENERATE_INFOPLIST_FILE = YES;
				INFOPLIST_KEY_UIApplicationSceneManifest_Generation = YES;
				INFOPLIST_KEY_UIApplicationSupportsIndirectInputEvents = YES;
				INFOPLIST_KEY_UILaunchScreen_Generation = YES;
				INFOPLIST_KEY_UISupportedInterfaceOrientations_iPad = "UIInterfaceOrientationPortrait UIInterfaceOrientationPortraitUpsideDown UIInterfaceOrientationLandscapeLeft UIInterfaceOrientationLandscapeRight";
				INFOPLIST_KEY_UISupportedInterfaceOrientations_iPhone = "UIInterfaceOrientationPortrait UIInterfaceOrientationLandscapeLeft UIInterfaceOrientationLandscapeRight";
				LD_RUNPATH_SEARCH_PATHS = (
					"$(inherited)",
					"@executable_path/Frameworks",
				);
				MARKETING_VERSION = 1.0;
				PRODUCT_BUNDLE_IDENTIFIER = com.briancaknight.MOOD;
				PRODUCT_NAME = "$(TARGET_NAME)";
				SWIFT_EMIT_LOC_STRINGS = YES;
				SWIFT_VERSION = 5.0;
				TARGETED_DEVICE_FAMILY = "1,2";
			};
			name = Debug;
		};
		D7E2CC2D2BD029DC0062D502 /* Release */ = {
			isa = XCBuildConfiguration;
			buildSettings = {
				ASSETCATALOG_COMPILER_APPICON_NAME = AppIcon;
				ASSETCATALOG_COMPILER_GLOBAL_ACCENT_COLOR_NAME = AccentColor;
				CODE_SIGN_STYLE = Automatic;
				CURRENT_PROJECT_VERSION = 1;
				DEVELOPMENT_ASSET_PATHS = "\"MOOD/Preview Content\"";
				DEVELOPMENT_TEAM = YZBPCYBU2L;
				ENABLE_PREVIEWS = YES;
				GENERATE_INFOPLIST_FILE = YES;
				INFOPLIST_KEY_UIApplicationSceneManifest_Generation = YES;
				INFOPLIST_KEY_UIApplicationSupportsIndirectInputEvents = YES;
				INFOPLIST_KEY_UILaunchScreen_Generation = YES;
				INFOPLIST_KEY_UISupportedInterfaceOrientations_iPad = "UIInterfaceOrientationPortrait UIInterfaceOrientationPortraitUpsideDown UIInterfaceOrientationLandscapeLeft UIInterfaceOrientationLandscapeRight";
				INFOPLIST_KEY_UISupportedInterfaceOrientations_iPhone = "UIInterfaceOrientationPortrait UIInterfaceOrientationLandscapeLeft UIInterfaceOrientationLandscapeRight";
				LD_RUNPATH_SEARCH_PATHS = (
					"$(inherited)",
					"@executable_path/Frameworks",
				);
				MARKETING_VERSION = 1.0;
				PRODUCT_BUNDLE_IDENTIFIER = com.briancaknight.MOOD;
				PRODUCT_NAME = "$(TARGET_NAME)";
				SWIFT_EMIT_LOC_STRINGS = YES;
				SWIFT_VERSION = 5.0;
				TARGETED_DEVICE_FAMILY = "1,2";
			};
			name = Release;
		};
		D7E2CC2F2BD029DC0062D502 /* Debug */ = {
			isa = XCBuildConfiguration;
			buildSettings = {
				ALWAYS_EMBED_SWIFT_STANDARD_LIBRARIES = YES;
				BUNDLE_LOADER = "$(TEST_HOST)";
				CODE_SIGN_STYLE = Automatic;
				CURRENT_PROJECT_VERSION = 1;
				DEVELOPMENT_TEAM = YZBPCYBU2L;
				GENERATE_INFOPLIST_FILE = YES;
				IPHONEOS_DEPLOYMENT_TARGET = 17.4;
				MARKETING_VERSION = 1.0;
				PRODUCT_BUNDLE_IDENTIFIER = com.briancaknight.MOODTests;
				PRODUCT_NAME = "$(TARGET_NAME)";
				SWIFT_EMIT_LOC_STRINGS = NO;
				SWIFT_VERSION = 5.0;
				TARGETED_DEVICE_FAMILY = "1,2";
				TEST_HOST = "$(BUILT_PRODUCTS_DIR)/MOOD.app/$(BUNDLE_EXECUTABLE_FOLDER_PATH)/MOOD";
			};
			name = Debug;
		};
		D7E2CC302BD029DC0062D502 /* Release */ = {
			isa = XCBuildConfiguration;
			buildSettings = {
				ALWAYS_EMBED_SWIFT_STANDARD_LIBRARIES = YES;
				BUNDLE_LOADER = "$(TEST_HOST)";
				CODE_SIGN_STYLE = Automatic;
				CURRENT_PROJECT_VERSION = 1;
				DEVELOPMENT_TEAM = YZBPCYBU2L;
				GENERATE_INFOPLIST_FILE = YES;
				IPHONEOS_DEPLOYMENT_TARGET = 17.4;
				MARKETING_VERSION = 1.0;
				PRODUCT_BUNDLE_IDENTIFIER = com.briancaknight.MOODTests;
				PRODUCT_NAME = "$(TARGET_NAME)";
				SWIFT_EMIT_LOC_STRINGS = NO;
				SWIFT_VERSION = 5.0;
				TARGETED_DEVICE_FAMILY = "1,2";
				TEST_HOST = "$(BUILT_PRODUCTS_DIR)/MOOD.app/$(BUNDLE_EXECUTABLE_FOLDER_PATH)/MOOD";
			};
			name = Release;
		};
		D7E2CC322BD029DC0062D502 /* Debug */ = {
			isa = XCBuildConfiguration;
			buildSettings = {
				ALWAYS_EMBED_SWIFT_STANDARD_LIBRARIES = YES;
				CODE_SIGN_STYLE = Automatic;
				CURRENT_PROJECT_VERSION = 1;
				DEVELOPMENT_TEAM = YZBPCYBU2L;
				GENERATE_INFOPLIST_FILE = YES;
				MARKETING_VERSION = 1.0;
				PRODUCT_BUNDLE_IDENTIFIER = com.briancaknight.MOODUITests;
				PRODUCT_NAME = "$(TARGET_NAME)";
				SWIFT_EMIT_LOC_STRINGS = NO;
				SWIFT_VERSION = 5.0;
				TARGETED_DEVICE_FAMILY = "1,2";
				TEST_TARGET_NAME = MOOD;
			};
			name = Debug;
		};
		D7E2CC332BD029DC0062D502 /* Release */ = {
			isa = XCBuildConfiguration;
			buildSettings = {
				ALWAYS_EMBED_SWIFT_STANDARD_LIBRARIES = YES;
				CODE_SIGN_STYLE = Automatic;
				CURRENT_PROJECT_VERSION = 1;
				DEVELOPMENT_TEAM = YZBPCYBU2L;
				GENERATE_INFOPLIST_FILE = YES;
				MARKETING_VERSION = 1.0;
				PRODUCT_BUNDLE_IDENTIFIER = com.briancaknight.MOODUITests;
				PRODUCT_NAME = "$(TARGET_NAME)";
				SWIFT_EMIT_LOC_STRINGS = NO;
				SWIFT_VERSION = 5.0;
				TARGETED_DEVICE_FAMILY = "1,2";
				TEST_TARGET_NAME = MOOD;
			};
			name = Release;
		};
/* End XCBuildConfiguration section */

/* Begin XCConfigurationList section */
		D7E2CC022BD029D70062D502 /* Build configuration list for PBXProject "MOOD" */ = {
			isa = XCConfigurationList;
			buildConfigurations = (
				D7E2CC292BD029DC0062D502 /* Debug */,
				D7E2CC2A2BD029DC0062D502 /* Release */,
			);
			defaultConfigurationIsVisible = 0;
			defaultConfigurationName = Release;
		};
		D7E2CC2B2BD029DC0062D502 /* Build configuration list for PBXNativeTarget "MOOD" */ = {
			isa = XCConfigurationList;
			buildConfigurations = (
				D7E2CC2C2BD029DC0062D502 /* Debug */,
				D7E2CC2D2BD029DC0062D502 /* Release */,
			);
			defaultConfigurationIsVisible = 0;
			defaultConfigurationName = Release;
		};
		D7E2CC2E2BD029DC0062D502 /* Build configuration list for PBXNativeTarget "MOODTests" */ = {
			isa = XCConfigurationList;
			buildConfigurations = (
				D7E2CC2F2BD029DC0062D502 /* Debug */,
				D7E2CC302BD029DC0062D502 /* Release */,
			);
			defaultConfigurationIsVisible = 0;
			defaultConfigurationName = Release;
		};
		D7E2CC312BD029DC0062D502 /* Build configuration list for PBXNativeTarget "MOODUITests" */ = {
			isa = XCConfigurationList;
			buildConfigurations = (
				D7E2CC322BD029DC0062D502 /* Debug */,
				D7E2CC332BD029DC0062D502 /* Release */,
			);
			defaultConfigurationIsVisible = 0;
			defaultConfigurationName = Release;
		};
/* End XCConfigurationList section */
	};
	rootObject = D7E2CBFF2BD029D70062D502 /* Project object */;
}
